
Microsoft Visual Studio Solution File, Format Version 12.00
# Visual Studio 15
VisualStudioVersion = 15.0.28307.271
MinimumVisualStudioVersion = 10.0.40219.1
Project("{FAE04EC0-301F-11D3-BF4B-00C04F79EFBC}") = "ConsoleApp5", "ConsoleApp5\ConsoleApp5.csproj", "{4B0152D2-D584-4244-8B6F-D1F2C91A7C66}"
EndProject
Global
	GlobalSection(SolutionConfigurationPlatforms) = preSolution
		Debug|Any CPU = Debug|Any CPU
		Release|Any CPU = Release|Any CPU
	EndGlobalSection
	GlobalSection(ProjectConfigurationPlatforms) = postSolution
		{4B0152D2-D584-4244-8B6F-D1F2C91A7C66}.Debug|Any CPU.ActiveCfg = Debug|Any CPU
		{4B0152D2-D584-4244-8B6F-D1F2C91A7C66}.Debug|Any CPU.Build.0 = Debug|Any CPU
		{4B0152D2-D584-4244-8B6F-D1F2C91A7C66}.Release|Any CPU.ActiveCfg = Release|Any CPU
		{4B0152D2-D584-4244-8B6F-D1F2C91A7C66}.Release|Any CPU.Build.0 = Release|Any CPU
	EndGlobalSection
	GlobalSection(SolutionProperties) = preSolution
		HideSolutionNode = FALSE
	EndGlobalSection
	GlobalSection(ExtensibilityGlobals) = postSolution
		SolutionGuid = {BF5C312B-0B32-405A-90E0-25C2F0BFC06A}
	EndGlobalSection
EndGlobal
